// !$*UTF8*$!
{
	archiveVersion = 1;
	classes = {
	};
	objectVersion = 48;
	objects = {

/* Begin PBXBuildFile section */
		038D5647209867E9007DC93E /* main.cpp in Sources */ = {isa = PBXBuildFile; fileRef = 038D5646209867E9007DC93E /* main.cpp */; };
		038D5654209867F6007DC93E /* main.cpp in Sources */ = {isa = PBXBuildFile; fileRef = 038D5653209867F6007DC93E /* main.cpp */; };
		03A7C75C209AA2F7006086DC /* main.cpp in Sources */ = {isa = PBXBuildFile; fileRef = 03A7C75B209AA2F7006086DC /* main.cpp */; };
		03A7C767209AB6B4006086DC /* main.cpp in Sources */ = {isa = PBXBuildFile; fileRef = 03A7C766209AB6B4006086DC /* main.cpp */; };
/* End PBXBuildFile section */

/* Begin PBXCopyFilesBuildPhase section */
		038D5641209867E9007DC93E /* CopyFiles */ = {
			isa = PBXCopyFilesBuildPhase;
			buildActionMask = 2147483647;
			dstPath = /usr/share/man/man1/;
			dstSubfolderSpec = 0;
			files = (
			);
			runOnlyForDeploymentPostprocessing = 1;
		};
		038D564F209867F6007DC93E /* CopyFiles */ = {
			isa = PBXCopyFilesBuildPhase;
			buildActionMask = 2147483647;
			dstPath = /usr/share/man/man1/;
			dstSubfolderSpec = 0;
			files = (
			);
			runOnlyForDeploymentPostprocessing = 1;
		};
		03A7C757209AA2F7006086DC /* CopyFiles */ = {
			isa = PBXCopyFilesBuildPhase;
			buildActionMask = 2147483647;
			dstPath = /usr/share/man/man1/;
			dstSubfolderSpec = 0;
			files = (
			);
			runOnlyForDeploymentPostprocessing = 1;
		};
		03A7C762209AB6B3006086DC /* CopyFiles */ = {
			isa = PBXCopyFilesBuildPhase;
			buildActionMask = 2147483647;
			dstPath = /usr/share/man/man1/;
			dstSubfolderSpec = 0;
			files = (
			);
			runOnlyForDeploymentPostprocessing = 1;
		};
/* End PBXCopyFilesBuildPhase section */

/* Begin PBXFileReference section */
		038D5643209867E9007DC93E /* Ah1 */ = {isa = PBXFileReference; explicitFileType = "compiled.mach-o.executable"; includeInIndex = 0; path = Ah1; sourceTree = BUILT_PRODUCTS_DIR; };
		038D5646209867E9007DC93E /* main.cpp */ = {isa = PBXFileReference; lastKnownFileType = sourcecode.cpp.cpp; path = main.cpp; sourceTree = "<group>"; };
		038D5651209867F6007DC93E /* IDAh1 */ = {isa = PBXFileReference; explicitFileType = "compiled.mach-o.executable"; includeInIndex = 0; path = IDAh1; sourceTree = BUILT_PRODUCTS_DIR; };
		038D5653209867F6007DC93E /* main.cpp */ = {isa = PBXFileReference; lastKnownFileType = sourcecode.cpp.cpp; path = main.cpp; sourceTree = "<group>"; };
		03A7C759209AA2F7006086DC /* Ah2 */ = {isa = PBXFileReference; explicitFileType = "compiled.mach-o.executable"; includeInIndex = 0; path = Ah2; sourceTree = BUILT_PRODUCTS_DIR; };
		03A7C75B209AA2F7006086DC /* main.cpp */ = {isa = PBXFileReference; lastKnownFileType = sourcecode.cpp.cpp; path = main.cpp; sourceTree = "<group>"; };
		03A7C764209AB6B3006086DC /* IDAh2 */ = {isa = PBXFileReference; explicitFileType = "compiled.mach-o.executable"; includeInIndex = 0; path = IDAh2; sourceTree = BUILT_PRODUCTS_DIR; };
		03A7C766209AB6B4006086DC /* main.cpp */ = {isa = PBXFileReference; lastKnownFileType = sourcecode.cpp.cpp; path = main.cpp; sourceTree = "<group>"; };
/* End PBXFileReference section */

/* Begin PBXFrameworksBuildPhase section */
		038D5640209867E9007DC93E /* Frameworks */ = {
			isa = PBXFrameworksBuildPhase;
			buildActionMask = 2147483647;
			files = (
			);
			runOnlyForDeploymentPostprocessing = 0;
		};
		038D564E209867F6007DC93E /* Frameworks */ = {
			isa = PBXFrameworksBuildPhase;
			buildActionMask = 2147483647;
			files = (
			);
			runOnlyForDeploymentPostprocessing = 0;
		};
		03A7C756209AA2F7006086DC /* Frameworks */ = {
			isa = PBXFrameworksBuildPhase;
			buildActionMask = 2147483647;
			files = (
			);
			runOnlyForDeploymentPostprocessing = 0;
		};
		03A7C761209AB6B3006086DC /* Frameworks */ = {
			isa = PBXFrameworksBuildPhase;
			buildActionMask = 2147483647;
			files = (
			);
			runOnlyForDeploymentPostprocessing = 0;
		};
/* End PBXFrameworksBuildPhase section */

/* Begin PBXGroup section */
		038D563A209867E9007DC93E = {
			isa = PBXGroup;
			children = (
				038D5645209867E9007DC93E /* Ah1 */,
				038D5652209867F6007DC93E /* IDAh1 */,
				03A7C75A209AA2F7006086DC /* Ah2 */,
				03A7C765209AB6B4006086DC /* IDAh2 */,
				038D5644209867E9007DC93E /* Products */,
			);
			sourceTree = "<group>";
		};
		038D5644209867E9007DC93E /* Products */ = {
			isa = PBXGroup;
			children = (
				038D5643209867E9007DC93E /* Ah1 */,
				038D5651209867F6007DC93E /* IDAh1 */,
				03A7C759209AA2F7006086DC /* Ah2 */,
				03A7C764209AB6B3006086DC /* IDAh2 */,
			);
			name = Products;
			sourceTree = "<group>";
		};
		038D5645209867E9007DC93E /* Ah1 */ = {
			isa = PBXGroup;
			children = (
				038D5646209867E9007DC93E /* main.cpp */,
			);
			path = Ah1;
			sourceTree = "<group>";
		};
		038D5652209867F6007DC93E /* IDAh1 */ = {
			isa = PBXGroup;
			children = (
				038D5653209867F6007DC93E /* main.cpp */,
			);
			path = IDAh1;
			sourceTree = "<group>";
		};
		03A7C75A209AA2F7006086DC /* Ah2 */ = {
			isa = PBXGroup;
			children = (
				03A7C75B209AA2F7006086DC /* main.cpp */,
			);
			path = Ah2;
			sourceTree = "<group>";
		};
		03A7C765209AB6B4006086DC /* IDAh2 */ = {
			isa = PBXGroup;
			children = (
				03A7C766209AB6B4006086DC /* main.cpp */,
			);
			path = IDAh2;
			sourceTree = "<group>";
		};
/* End PBXGroup section */

/* Begin PBXNativeTarget section */
		038D5642209867E9007DC93E /* Ah1 */ = {
			isa = PBXNativeTarget;
			buildConfigurationList = 038D564A209867E9007DC93E /* Build configuration list for PBXNativeTarget "Ah1" */;
			buildPhases = (
				038D563F209867E9007DC93E /* Sources */,
				038D5640209867E9007DC93E /* Frameworks */,
				038D5641209867E9007DC93E /* CopyFiles */,
			);
			buildRules = (
			);
			dependencies = (
			);
			name = Ah1;
			productName = Ah1;
			productReference = 038D5643209867E9007DC93E /* Ah1 */;
			productType = "com.apple.product-type.tool";
		};
		038D5650209867F6007DC93E /* IDAh1 */ = {
			isa = PBXNativeTarget;
			buildConfigurationList = 038D5655209867F6007DC93E /* Build configuration list for PBXNativeTarget "IDAh1" */;
			buildPhases = (
				038D564D209867F6007DC93E /* Sources */,
				038D564E209867F6007DC93E /* Frameworks */,
				038D564F209867F6007DC93E /* CopyFiles */,
			);
			buildRules = (
			);
			dependencies = (
			);
			name = IDAh1;
			productName = Ah2;
			productReference = 038D5651209867F6007DC93E /* IDAh1 */;
			productType = "com.apple.product-type.tool";
		};
		03A7C758209AA2F7006086DC /* Ah2 */ = {
			isa = PBXNativeTarget;
			buildConfigurationList = 03A7C75D209AA2F7006086DC /* Build configuration list for PBXNativeTarget "Ah2" */;
			buildPhases = (
				03A7C755209AA2F7006086DC /* Sources */,
				03A7C756209AA2F7006086DC /* Frameworks */,
				03A7C757209AA2F7006086DC /* CopyFiles */,
			);
			buildRules = (
			);
			dependencies = (
			);
			name = Ah2;
			productName = Ah2;
			productReference = 03A7C759209AA2F7006086DC /* Ah2 */;
			productType = "com.apple.product-type.tool";
		};
		03A7C763209AB6B3006086DC /* IDAh2 */ = {
			isa = PBXNativeTarget;
			buildConfigurationList = 03A7C768209AB6B4006086DC /* Build configuration list for PBXNativeTarget "IDAh2" */;
			buildPhases = (
				03A7C760209AB6B3006086DC /* Sources */,
				03A7C761209AB6B3006086DC /* Frameworks */,
				03A7C762209AB6B3006086DC /* CopyFiles */,
			);
			buildRules = (
			);
			dependencies = (
			);
			name = IDAh2;
			productName = IDAh2;
			productReference = 03A7C764209AB6B3006086DC /* IDAh2 */;
			productType = "com.apple.product-type.tool";
		};
/* End PBXNativeTarget section */

/* Begin PBXProject section */
		038D563B209867E9007DC93E /* Project object */ = {
			isa = PBXProject;
			attributes = {
				LastUpgradeCheck = 0900;
				ORGANIZATIONNAME = "姜庆彩";
				TargetAttributes = {
					038D5642209867E9007DC93E = {
						CreatedOnToolsVersion = 9.0;
						ProvisioningStyle = Automatic;
					};
					038D5650209867F6007DC93E = {
						CreatedOnToolsVersion = 9.0;
						ProvisioningStyle = Automatic;
					};
					03A7C758209AA2F7006086DC = {
						CreatedOnToolsVersion = 9.0;
						ProvisioningStyle = Automatic;
					};
					03A7C763209AB6B3006086DC = {
						CreatedOnToolsVersion = 9.0;
						ProvisioningStyle = Automatic;
					};
				};
			};
			buildConfigurationList = 038D563E209867E9007DC93E /* Build configuration list for PBXProject "exp1" */;
			compatibilityVersion = "Xcode 8.0";
			developmentRegion = en;
			hasScannedForEncodings = 0;
			knownRegions = (
				en,
			);
			mainGroup = 038D563A209867E9007DC93E;
			productRefGroup = 038D5644209867E9007DC93E /* Products */;
			projectDirPath = "";
			projectRoot = "";
			targets = (
				038D5642209867E9007DC93E /* Ah1 */,
				038D5650209867F6007DC93E /* IDAh1 */,
				03A7C758209AA2F7006086DC /* Ah2 */,
				03A7C763209AB6B3006086DC /* IDAh2 */,
			);
		};
/* End PBXProject section */

/* Begin PBXSourcesBuildPhase section */
		038D563F209867E9007DC93E /* Sources */ = {
			isa = PBXSourcesBuildPhase;
			buildActionMask = 2147483647;
			files = (
				038D5647209867E9007DC93E /* main.cpp in Sources */,
			);
			runOnlyForDeploymentPostprocessing = 0;
		};
		038D564D209867F6007DC93E /* Sources */ = {
			isa = PBXSourcesBuildPhase;
			buildActionMask = 2147483647;
			files = (
				038D5654209867F6007DC93E /* main.cpp in Sources */,
			);
			runOnlyForDeploymentPostprocessing = 0;
		};
		03A7C755209AA2F7006086DC /* Sources */ = {
			isa = PBXSourcesBuildPhase;
			buildActionMask = 2147483647;
			files = (
				03A7C75C209AA2F7006086DC /* main.cpp in Sources */,
			);
			runOnlyForDeploymentPostprocessing = 0;
		};
		03A7C760209AB6B3006086DC /* Sources */ = {
			isa = PBXSourcesBuildPhase;
			buildActionMask = 2147483647;
			files = (
				03A7C767209AB6B4006086DC /* main.cpp in Sources */,
			);
			runOnlyForDeploymentPostprocessing = 0;
		};
/* End PBXSourcesBuildPhase section */

/* Begin XCBuildConfiguration section */
		038D5648209867E9007DC93E /* Debug */ = {
			isa = XCBuildConfiguration;
			buildSettings = {
				ALWAYS_SEARCH_USER_PATHS = NO;
				CLANG_ANALYZER_NONNULL = YES;
				CLANG_ANALYZER_NUMBER_OBJECT_CONVERSION = YES_AGGRESSIVE;
				CLANG_CXX_LANGUAGE_STANDARD = "gnu++14";
				CLANG_CXX_LIBRARY = "libc++";
				CLANG_ENABLE_MODULES = YES;
				CLANG_ENABLE_OBJC_ARC = YES;
				CLANG_WARN_BLOCK_CAPTURE_AUTORELEASING = YES;
				CLANG_WARN_BOOL_CONVERSION = YES;
				CLANG_WARN_COMMA = YES;
				CLANG_WARN_CONSTANT_CONVERSION = YES;
				CLANG_WARN_DIRECT_OBJC_ISA_USAGE = YES_ERROR;
				CLANG_WARN_DOCUMENTATION_COMMENTS = YES;
				CLANG_WARN_EMPTY_BODY = YES;
				CLANG_WARN_ENUM_CONVERSION = YES;
				CLANG_WARN_INFINITE_RECURSION = YES;
				CLANG_WARN_INT_CONVERSION = YES;
				CLANG_WARN_NON_LITERAL_NULL_CONVERSION = YES;
				CLANG_WARN_OBJC_LITERAL_CONVERSION = YES;
				CLANG_WARN_OBJC_ROOT_CLASS = YES_ERROR;
				CLANG_WARN_RANGE_LOOP_ANALYSIS = YES;
				CLANG_WARN_STRICT_PROTOTYPES = YES;
				CLANG_WARN_SUSPICIOUS_MOVE = YES;
				CLANG_WARN_UNGUARDED_AVAILABILITY = YES_AGGRESSIVE;
				CLANG_WARN_UNREACHABLE_CODE = YES;
				CLANG_WARN__DUPLICATE_METHOD_MATCH = YES;
				CODE_SIGN_IDENTITY = "-";
				COPY_PHASE_STRIP = NO;
				DEBUG_INFORMATION_FORMAT = dwarf;
				ENABLE_STRICT_OBJC_MSGSEND = YES;
				ENABLE_TESTABILITY = YES;
				GCC_C_LANGUAGE_STANDARD = gnu11;
				GCC_DYNAMIC_NO_PIC = NO;
				GCC_NO_COMMON_BLOCKS = YES;
				GCC_OPTIMIZATION_LEVEL = 0;
				GCC_PREPROCESSOR_DEFINITIONS = (
					"DEBUG=1",
					"$(inherited)",
				);
				GCC_WARN_64_TO_32_BIT_CONVERSION = YES;
				GCC_WARN_ABOUT_RETURN_TYPE = YES_ERROR;
				GCC_WARN_UNDECLARED_SELECTOR = YES;
				GCC_WARN_UNINITIALIZED_AUTOS = YES_AGGRESSIVE;
				GCC_WARN_UNUSED_FUNCTION = YES;
				GCC_WARN_UNUSED_VARIABLE = YES;
				MACOSX_DEPLOYMENT_TARGET = 10.13;
				MTL_ENABLE_DEBUG_INFO = YES;
				ONLY_ACTIVE_ARCH = YES;
				SDKROOT = macosx;
			};
			name = Debug;
		};
		038D5649209867E9007DC93E /* Release */ = {
			isa = XCBuildConfiguration;
			buildSettings = {
				ALWAYS_SEARCH_USER_PATHS = NO;
				CLANG_ANALYZER_NONNULL = YES;
				CLANG_ANALYZER_NUMBER_OBJECT_CONVERSION = YES_AGGRESSIVE;
				CLANG_CXX_LANGUAGE_STANDARD = "gnu++14";
				CLANG_CXX_LIBRARY = "libc++";
				CLANG_ENABLE_MODULES = YES;
				CLANG_ENABLE_OBJC_ARC = YES;
				CLANG_WARN_BLOCK_CAPTURE_AUTORELEASING = YES;
				CLANG_WARN_BOOL_CONVERSION = YES;
				CLANG_WARN_COMMA = YES;
				CLANG_WARN_CONSTANT_CONVERSION = YES;
				CLANG_WARN_DIRECT_OBJC_ISA_USAGE = YES_ERROR;
				CLANG_WARN_DOCUMENTATION_COMMENTS = YES;
				CLANG_WARN_EMPTY_BODY = YES;
				CLANG_WARN_ENUM_CONVERSION = YES;
				CLANG_WARN_INFINITE_RECURSION = YES;
				CLANG_WARN_INT_CONVERSION = YES;
				CLANG_WARN_NON_LITERAL_NULL_CONVERSION = YES;
				CLANG_WARN_OBJC_LITERAL_CONVERSION = YES;
				CLANG_WARN_OBJC_ROOT_CLASS = YES_ERROR;
				CLANG_WARN_RANGE_LOOP_ANALYSIS = YES;
				CLANG_WARN_STRICT_PROTOTYPES = YES;
				CLANG_WARN_SUSPICIOUS_MOVE = YES;
				CLANG_WARN_UNGUARDED_AVAILABILITY = YES_AGGRESSIVE;
				CLANG_WARN_UNREACHABLE_CODE = YES;
				CLANG_WARN__DUPLICATE_METHOD_MATCH = YES;
				CODE_SIGN_IDENTITY = "-";
				COPY_PHASE_STRIP = NO;
				DEBUG_INFORMATION_FORMAT = "dwarf-with-dsym";
				ENABLE_NS_ASSERTIONS = NO;
				ENABLE_STRICT_OBJC_MSGSEND = YES;
				GCC_C_LANGUAGE_STANDARD = gnu11;
				GCC_NO_COMMON_BLOCKS = YES;
				GCC_WARN_64_TO_32_BIT_CONVERSION = YES;
				GCC_WARN_ABOUT_RETURN_TYPE = YES_ERROR;
				GCC_WARN_UNDECLARED_SELECTOR = YES;
				GCC_WARN_UNINITIALIZED_AUTOS = YES_AGGRESSIVE;
				GCC_WARN_UNUSED_FUNCTION = YES;
				GCC_WARN_UNUSED_VARIABLE = YES;
				MACOSX_DEPLOYMENT_TARGET = 10.13;
				MTL_ENABLE_DEBUG_INFO = NO;
				SDKROOT = macosx;
			};
			name = Release;
		};
		038D564B209867E9007DC93E /* Debug */ = {
			isa = XCBuildConfiguration;
			buildSettings = {
				CODE_SIGN_STYLE = Automatic;
				PRODUCT_NAME = "$(TARGET_NAME)";
			};
			name = Debug;
		};
		038D564C209867E9007DC93E /* Release */ = {
			isa = XCBuildConfiguration;
			buildSettings = {
				CODE_SIGN_STYLE = Automatic;
				PRODUCT_NAME = "$(TARGET_NAME)";
			};
			name = Release;
		};
		038D5656209867F6007DC93E /* Debug */ = {
			isa = XCBuildConfiguration;
			buildSettings = {
				CODE_SIGN_STYLE = Automatic;
				PRODUCT_NAME = "$(TARGET_NAME)";
			};
			name = Debug;
		};
		038D5657209867F6007DC93E /* Release */ = {
			isa = XCBuildConfiguration;
			buildSettings = {
				CODE_SIGN_STYLE = Automatic;
				PRODUCT_NAME = "$(TARGET_NAME)";
			};
			name = Release;
		};
		03A7C75E209AA2F7006086DC /* Debug */ = {
			isa = XCBuildConfiguration;
			buildSettings = {
				CODE_SIGN_STYLE = Automatic;
				PRODUCT_NAME = "$(TARGET_NAME)";
			};
			name = Debug;
		};
		03A7C75F209AA2F7006086DC /* Release */ = {
			isa = XCBuildConfiguration;
			buildSettings = {
				CODE_SIGN_STYLE = Automatic;
				PRODUCT_NAME = "$(TARGET_NAME)";
			};
			name = Release;
		};
		03A7C769209AB6B4006086DC /* Debug */ = {
			isa = XCBuildConfiguration;
			buildSettings = {
				CODE_SIGN_STYLE = Automatic;
				PRODUCT_NAME = "$(TARGET_NAME)";
			};
			name = Debug;
		};
		03A7C76A209AB6B4006086DC /* Release */ = {
			isa = XCBuildConfiguration;
			buildSettings = {
				CODE_SIGN_STYLE = Automatic;
				PRODUCT_NAME = "$(TARGET_NAME)";
			};
			name = Release;
		};
/* End XCBuildConfiguration section */

/* Begin XCConfigurationList section */
		038D563E209867E9007DC93E /* Build configuration list for PBXProject "exp1" */ = {
			isa = XCConfigurationList;
			buildConfigurations = (
				038D5648209867E9007DC93E /* Debug */,
				038D5649209867E9007DC93E /* Release */,
			);
			defaultConfigurationIsVisible = 0;
			defaultConfigurationName = Release;
		};
		038D564A209867E9007DC93E /* Build configuration list for PBXNativeTarget "Ah1" */ = {
			isa = XCConfigurationList;
			buildConfigurations = (
				038D564B209867E9007DC93E /* Debug */,
				038D564C209867E9007DC93E /* Release */,
			);
			defaultConfigurationIsVisible = 0;
			defaultConfigurationName = Release;
		};
		038D5655209867F6007DC93E /* Build configuration list for PBXNativeTarget "IDAh1" */ = {
			isa = XCConfigurationList;
			buildConfigurations = (
				038D5656209867F6007DC93E /* Debug */,
				038D5657209867F6007DC93E /* Release */,
			);
			defaultConfigurationIsVisible = 0;
			defaultConfigurationName = Release;
		};
		03A7C75D209AA2F7006086DC /* Build configuration list for PBXNativeTarget "Ah2" */ = {
			isa = XCConfigurationList;
			buildConfigurations = (
				03A7C75E209AA2F7006086DC /* Debug */,
				03A7C75F209AA2F7006086DC /* Release */,
			);
			defaultConfigurationIsVisible = 0;
			defaultConfigurationName = Release;
		};
		03A7C768209AB6B4006086DC /* Build configuration list for PBXNativeTarget "IDAh2" */ = {
			isa = XCConfigurationList;
			buildConfigurations = (
				03A7C769209AB6B4006086DC /* Debug */,
				03A7C76A209AB6B4006086DC /* Release */,
			);
			defaultConfigurationIsVisible = 0;
			defaultConfigurationName = Release;
		};
/* End XCConfigurationList section */
	};
	rootObject = 038D563B209867E9007DC93E /* Project object */;
}
